dependencies:
  espressif/eppp_link:
    component_hash: 9472e6825f4bb71eca2b39cf1bc92659c1ac60bfd7416560ad033a7dd8641b17
    dependencies:
    - name: espressif/esp_serial_slave_link
      registry_url: https://components.espressif.com
      require: private
      version: ^1.1.0
    - name: idf
      require: private
      version: '>=5.2'
    source:
      registry_url: https://components.espressif.com
      type: service
    version: 1.1.4
  espressif/esp_hosted:
    component_hash: e23eb702781c804a62909e5394da0641a2bff9adccec6673a7bff60ce8c8b756
    dependencies:
    - name: idf
      require: private
      version: '>=5.3'
    source:
      registry_url: https://components.espressif.com/
      type: service
    version: 2.12.3
  espressif/esp_serial_slave_link:
    component_hash: ac1776806de0a6e371c84e87898bb983e19ce62aa7f1e2e5c4a3b0234a575d2c
    dependencies:
    - name: idf
      require: private
      version: '>=5.0'
    source:
      registry_url: https://components.espressif.com
      type: service
    version: 1.1.2
  espressif/esp_wifi_remote:
    component_hash: 8ba87759d57ad61882c5db0d2e4055c8e28711ceac535c45dc166dcb0a6d397d
    dependencies:
    - name: espressif/eppp_link
      registry_url: https://components.espressif.com
      require: private
      version: '>=0.1'
    - name: idf
      require: private
      version: '>=5.3'
    - name: espressif/esp_hosted
      registry_url: https://components.espressif.com
      require: private
      rules:
      - if: target in [esp32h2, esp32p4]
      version: '>=0.0.6'
    source:
      registry_url: https://components.espressif.com/
      type: service
    version: 0.4.1
  idf:
    source:
      type: idf
    version: 5.3.2
direct_dependencies:
- espressif/esp_hosted
- espressif/esp_wifi_remote
- idf
manifest_hash: afdc0fef752b61308a49ea4b9ac7878c41b7ec0cbb08f743f494f00fa1f9ff94
target: esp32p4
version: 2.0.0
